// !$*UTF8*$!
{
	archiveVersion = 1;
	classes = {
	};
	objectVersion = 46;
	objects = {

/* Begin PBXBuildFile section */
		716AC6F05173E8F6487EEDD0 /* Pods_TastyWatchlists.framework in Frameworks */ = {isa = PBXBuildFile; fileRef = 09A9605360F925214717F5E8 /* Pods_TastyWatchlists.framework */; };
		961D79CB1F1D6C9B00F5846A /* AppDelegate.swift in Sources */ = {isa = PBXBuildFile; fileRef = 961D79CA1F1D6C9B00F5846A /* AppDelegate.swift */; };
		961D79CD1F1D6C9B00F5846A /* ViewController.swift in Sources */ = {isa = PBXBuildFile; fileRef = 961D79CC1F1D6C9B00F5846A /* ViewController.swift */; };
		961D79D01F1D6C9B00F5846A /* Main.storyboard in Resources */ = {isa = PBXBuildFile; fileRef = 961D79CE1F1D6C9B00F5846A /* Main.storyboard */; };
		961D79D21F1D6C9B00F5846A /* Assets.xcassets in Resources */ = {isa = PBXBuildFile; fileRef = 961D79D11F1D6C9B00F5846A /* Assets.xcassets */; };
		961D79D51F1D6C9B00F5846A /* LaunchScreen.storyboard in Resources */ = {isa = PBXBuildFile; fileRef = 961D79D31F1D6C9B00F5846A /* LaunchScreen.storyboard */; };
		961D79E01F1D6DA300F5846A /* NetworkManager.swift in Sources */ = {isa = PBXBuildFile; fileRef = 961D79DF1F1D6DA300F5846A /* NetworkManager.swift */; };
		961D7C0B1F1EB29300F5846A /* User.swift in Sources */ = {isa = PBXBuildFile; fileRef = 961D7C0A1F1EB29300F5846A /* User.swift */; };
		961D7C0D1F1EB29900F5846A /* Watchlist.swift in Sources */ = {isa = PBXBuildFile; fileRef = 961D7C0C1F1EB29900F5846A /* Watchlist.swift */; };
		961D7C0F1F1EB2A300F5846A /* Symbol.swift in Sources */ = {isa = PBXBuildFile; fileRef = 961D7C0E1F1EB2A300F5846A /* Symbol.swift */; };
		961D7C111F1EFE0000F5846A /* WatchlistManager.swift in Sources */ = {isa = PBXBuildFile; fileRef = 961D7C101F1EFE0000F5846A /* WatchlistManager.swift */; };
		961D7C131F1FD9BC00F5846A /* UserManager.swift in Sources */ = {isa = PBXBuildFile; fileRef = 961D7C121F1FD9BC00F5846A /* UserManager.swift */; };
		961D7C1C1F206AA400F5846A /* Podfile in Resources */ = {isa = PBXBuildFile; fileRef = 961D7C1B1F206AA400F5846A /* Podfile */; };
		961D7C2D1F211E8400F5846A /* LoginViewController.swift in Sources */ = {isa = PBXBuildFile; fileRef = 961D7C2C1F211E8400F5846A /* LoginViewController.swift */; };
		961D7C2F1F212B8300F5846A /* FacebookLoginManager.swift in Sources */ = {isa = PBXBuildFile; fileRef = 961D7C2E1F212B8300F5846A /* FacebookLoginManager.swift */; };
		961D7C321F212F0900F5846A /* Constants.swift in Sources */ = {isa = PBXBuildFile; fileRef = 961D7C311F212F0900F5846A /* Constants.swift */; };
		961D7C341F212F5200F5846A /* LaunchViewController.swift in Sources */ = {isa = PBXBuildFile; fileRef = 961D7C331F212F5200F5846A /* LaunchViewController.swift */; };
		961D7C361F213BA100F5846A /* WatchlistsViewController.swift in Sources */ = {isa = PBXBuildFile; fileRef = 961D7C351F213BA100F5846A /* WatchlistsViewController.swift */; };
/* End PBXBuildFile section */

/* Begin PBXFileReference section */
		07E4CE0AA413D67B14B78E21 /* Pods-TastyWatchlists.debug.xcconfig */ = {isa = PBXFileReference; includeInIndex = 1; lastKnownFileType = text.xcconfig; name = "Pods-TastyWatchlists.debug.xcconfig"; path = "Pods/Target Support Files/Pods-TastyWatchlists/Pods-TastyWatchlists.debug.xcconfig"; sourceTree = "<group>"; };
		09A9605360F925214717F5E8 /* Pods_TastyWatchlists.framework */ = {isa = PBXFileReference; explicitFileType = wrapper.framework; includeInIndex = 0; path = Pods_TastyWatchlists.framework; sourceTree = BUILT_PRODUCTS_DIR; };
		1655D184BB56FE8086CDB797 /* Pods-TastyWatchlists.release.xcconfig */ = {isa = PBXFileReference; includeInIndex = 1; lastKnownFileType = text.xcconfig; name = "Pods-TastyWatchlists.release.xcconfig"; path = "Pods/Target Support Files/Pods-TastyWatchlists/Pods-TastyWatchlists.release.xcconfig"; sourceTree = "<group>"; };
		961D79C71F1D6C9B00F5846A /* TastyWatchlists.app */ = {isa = PBXFileReference; explicitFileType = wrapper.application; includeInIndex = 0; path = TastyWatchlists.app; sourceTree = BUILT_PRODUCTS_DIR; };
		961D79CA1F1D6C9B00F5846A /* AppDelegate.swift */ = {isa = PBXFileReference; lastKnownFileType = sourcecode.swift; path = AppDelegate.swift; sourceTree = "<group>"; };
		961D79CC1F1D6C9B00F5846A /* ViewController.swift */ = {isa = PBXFileReference; lastKnownFileType = sourcecode.swift; path = ViewController.swift; sourceTree = "<group>"; };
		961D79CF1F1D6C9B00F5846A /* Base */ = {isa = PBXFileReference; lastKnownFileType = file.storyboard; name = Base; path = Base.lproj/Main.storyboard; sourceTree = "<group>"; };
		961D79D11F1D6C9B00F5846A /* Assets.xcassets */ = {isa = PBXFileReference; lastKnownFileType = folder.assetcatalog; path = Assets.xcassets; sourceTree = "<group>"; };
		961D79D41F1D6C9B00F5846A /* Base */ = {isa = PBXFileReference; lastKnownFileType = file.storyboard; name = Base; path = Base.lproj/LaunchScreen.storyboard; sourceTree = "<group>"; };
		961D79D61F1D6C9B00F5846A /* Info.plist */ = {isa = PBXFileReference; lastKnownFileType = text.plist.xml; path = Info.plist; sourceTree = "<group>"; };
		961D79DF1F1D6DA300F5846A /* NetworkManager.swift */ = {isa = PBXFileReference; fileEncoding = 4; lastKnownFileType = sourcecode.swift; path = NetworkManager.swift; sourceTree = "<group>"; };
		961D7C0A1F1EB29300F5846A /* User.swift */ = {isa = PBXFileReference; fileEncoding = 4; lastKnownFileType = sourcecode.swift; path = User.swift; sourceTree = "<group>"; };
		961D7C0C1F1EB29900F5846A /* Watchlist.swift */ = {isa = PBXFileReference; fileEncoding = 4; lastKnownFileType = sourcecode.swift; path = Watchlist.swift; sourceTree = "<group>"; };
		961D7C0E1F1EB2A300F5846A /* Symbol.swift */ = {isa = PBXFileReference; fileEncoding = 4; lastKnownFileType = sourcecode.swift; path = Symbol.swift; sourceTree = "<group>"; };
		961D7C101F1EFE0000F5846A /* WatchlistManager.swift */ = {isa = PBXFileReference; fileEncoding = 4; lastKnownFileType = sourcecode.swift; path = WatchlistManager.swift; sourceTree = "<group>"; };
		961D7C121F1FD9BC00F5846A /* UserManager.swift */ = {isa = PBXFileReference; fileEncoding = 4; lastKnownFileType = sourcecode.swift; path = UserManager.swift; sourceTree = "<group>"; };
		961D7C1B1F206AA400F5846A /* Podfile */ = {isa = PBXFileReference; fileEncoding = 4; lastKnownFileType = text; path = Podfile; sourceTree = "<group>"; xcLanguageSpecificationIdentifier = xcode.lang.ruby; };
		961D7C2C1F211E8400F5846A /* LoginViewController.swift */ = {isa = PBXFileReference; fileEncoding = 4; lastKnownFileType = sourcecode.swift; path = LoginViewController.swift; sourceTree = "<group>"; };
		961D7C2E1F212B8300F5846A /* FacebookLoginManager.swift */ = {isa = PBXFileReference; fileEncoding = 4; lastKnownFileType = sourcecode.swift; path = FacebookLoginManager.swift; sourceTree = "<group>"; };
		961D7C311F212F0900F5846A /* Constants.swift */ = {isa = PBXFileReference; fileEncoding = 4; lastKnownFileType = sourcecode.swift; path = Constants.swift; sourceTree = "<group>"; };
		961D7C331F212F5200F5846A /* LaunchViewController.swift */ = {isa = PBXFileReference; fileEncoding = 4; lastKnownFileType = sourcecode.swift; path = LaunchViewController.swift; sourceTree = "<group>"; };
		961D7C351F213BA100F5846A /* WatchlistsViewController.swift */ = {isa = PBXFileReference; fileEncoding = 4; lastKnownFileType = sourcecode.swift; path = WatchlistsViewController.swift; sourceTree = "<group>"; };
/* End PBXFileReference section */

/* Begin PBXFrameworksBuildPhase section */
		961D79C41F1D6C9B00F5846A /* Frameworks */ = {
			isa = PBXFrameworksBuildPhase;
			buildActionMask = 2147483647;
			files = (
				716AC6F05173E8F6487EEDD0 /* Pods_TastyWatchlists.framework in Frameworks */,
			);
			runOnlyForDeploymentPostprocessing = 0;
		};
/* End PBXFrameworksBuildPhase section */

/* Begin PBXGroup section */
		71AD4FB615E38BF62DB33EE4 /* Pods */ = {
			isa = PBXGroup;
			children = (
				07E4CE0AA413D67B14B78E21 /* Pods-TastyWatchlists.debug.xcconfig */,
				1655D184BB56FE8086CDB797 /* Pods-TastyWatchlists.release.xcconfig */,
			);
			name = Pods;
			sourceTree = "<group>";
		};
		961D79BE1F1D6C9B00F5846A = {
			isa = PBXGroup;
			children = (
				961D7C1B1F206AA400F5846A /* Podfile */,
				961D79C91F1D6C9B00F5846A /* TastyWatchlists */,
				961D7C181F20695400F5846A /* Frameworks */,
				961D79C81F1D6C9B00F5846A /* Products */,
				71AD4FB615E38BF62DB33EE4 /* Pods */,
			);
			sourceTree = "<group>";
		};
		961D79C81F1D6C9B00F5846A /* Products */ = {
			isa = PBXGroup;
			children = (
				961D79C71F1D6C9B00F5846A /* TastyWatchlists.app */,
			);
			name = Products;
			sourceTree = "<group>";
		};
		961D79C91F1D6C9B00F5846A /* TastyWatchlists */ = {
			isa = PBXGroup;
			children = (
				961D79CA1F1D6C9B00F5846A /* AppDelegate.swift */,
				961D79CC1F1D6C9B00F5846A /* ViewController.swift */,
				961D79DE1F1D6D9600F5846A /* Managers */,
				961D7C091F1EB28200F5846A /* Models */,
				961D7C2B1F211E8400F5846A /* ViewControllers */,
				961D7C301F212EFC00F5846A /* Utilities */,
				961D79CE1F1D6C9B00F5846A /* Main.storyboard */,
				961D79D11F1D6C9B00F5846A /* Assets.xcassets */,
				961D79D31F1D6C9B00F5846A /* LaunchScreen.storyboard */,
				961D79D61F1D6C9B00F5846A /* Info.plist */,
			);
			path = TastyWatchlists;
			sourceTree = "<group>";
		};
		961D79DE1F1D6D9600F5846A /* Managers */ = {
			isa = PBXGroup;
			children = (
				961D79DF1F1D6DA300F5846A /* NetworkManager.swift */,
				961D7C121F1FD9BC00F5846A /* UserManager.swift */,
				961D7C101F1EFE0000F5846A /* WatchlistManager.swift */,
				961D7C2E1F212B8300F5846A /* FacebookLoginManager.swift */,
			);
			path = Managers;
			sourceTree = "<group>";
		};
		961D7C091F1EB28200F5846A /* Models */ = {
			isa = PBXGroup;
			children = (
				961D7C0A1F1EB29300F5846A /* User.swift */,
				961D7C0C1F1EB29900F5846A /* Watchlist.swift */,
				961D7C0E1F1EB2A300F5846A /* Symbol.swift */,
			);
			path = Models;
			sourceTree = "<group>";
		};
		961D7C181F20695400F5846A /* Frameworks */ = {
			isa = PBXGroup;
			children = (
				09A9605360F925214717F5E8 /* Pods_TastyWatchlists.framework */,
			);
			name = Frameworks;
			path = TastyWatchlists/Frameworks;
			sourceTree = "<group>";
		};
		961D7C2B1F211E8400F5846A /* ViewControllers */ = {
			isa = PBXGroup;
			children = (
				961D7C2C1F211E8400F5846A /* LoginViewController.swift */,
				961D7C331F212F5200F5846A /* LaunchViewController.swift */,
				961D7C351F213BA100F5846A /* WatchlistsViewController.swift */,
			);
			path = ViewControllers;
			sourceTree = "<group>";
		};
		961D7C301F212EFC00F5846A /* Utilities */ = {
			isa = PBXGroup;
			children = (
				961D7C311F212F0900F5846A /* Constants.swift */,
			);
			path = Utilities;
			sourceTree = "<group>";
		};
/* End PBXGroup section */

/* Begin PBXNativeTarget section */
		961D79C61F1D6C9B00F5846A /* TastyWatchlists */ = {
			isa = PBXNativeTarget;
			buildConfigurationList = 961D79D91F1D6C9B00F5846A /* Build configuration list for PBXNativeTarget "TastyWatchlists" */;
			buildPhases = (
				9425B90211E8B7E412B2F42D /* [CP] Check Pods Manifest.lock */,
				961D79C31F1D6C9B00F5846A /* Sources */,
				961D79C41F1D6C9B00F5846A /* Frameworks */,
				961D79C51F1D6C9B00F5846A /* Resources */,
				34069F4E19A321E6FBE89E1B /* [CP] Embed Pods Frameworks */,
				088117CAB4CC8FD90068BFCD /* [CP] Copy Pods Resources */,
			);
			buildRules = (
			);
			dependencies = (
			);
			name = TastyWatchlists;
			productName = TastyWatchlists;
			productReference = 961D79C71F1D6C9B00F5846A /* TastyWatchlists.app */;
			productType = "com.apple.product-type.application";
		};
/* End PBXNativeTarget section */

/* Begin PBXProject section */
		961D79BF1F1D6C9B00F5846A /* Project object */ = {
			isa = PBXProject;
			attributes = {
				LastSwiftUpdateCheck = 0830;
				LastUpgradeCheck = 0830;
				ORGANIZATIONNAME = "Jason Dimitriou";
				TargetAttributes = {
					961D79C61F1D6C9B00F5846A = {
						CreatedOnToolsVersion = 8.3.3;
						ProvisioningStyle = Automatic;
					};
				};
			};
			buildConfigurationList = 961D79C21F1D6C9B00F5846A /* Build configuration list for PBXProject "TastyWatchlists" */;
			compatibilityVersion = "Xcode 3.2";
			developmentRegion = English;
			hasScannedForEncodings = 0;
			knownRegions = (
				en,
				Base,
			);
			mainGroup = 961D79BE1F1D6C9B00F5846A;
			productRefGroup = 961D79C81F1D6C9B00F5846A /* Products */;
			projectDirPath = "";
			projectRoot = "";
			targets = (
				961D79C61F1D6C9B00F5846A /* TastyWatchlists */,
			);
		};
/* End PBXProject section */

/* Begin PBXResourcesBuildPhase section */
		961D79C51F1D6C9B00F5846A /* Resources */ = {
			isa = PBXResourcesBuildPhase;
			buildActionMask = 2147483647;
			files = (
				961D79D51F1D6C9B00F5846A /* LaunchScreen.storyboard in Resources */,
				961D79D21F1D6C9B00F5846A /* Assets.xcassets in Resources */,
				961D7C1C1F206AA400F5846A /* Podfile in Resources */,
				961D79D01F1D6C9B00F5846A /* Main.storyboard in Resources */,
			);
			runOnlyForDeploymentPostprocessing = 0;
		};
/* End PBXResourcesBuildPhase section */

/* Begin PBXShellScriptBuildPhase section */
		088117CAB4CC8FD90068BFCD /* [CP] Copy Pods Resources */ = {
			isa = PBXShellScriptBuildPhase;
			buildActionMask = 2147483647;
			files = (
			);
			inputPaths = (
			);
			name = "[CP] Copy Pods Resources";
			outputPaths = (
			);
			runOnlyForDeploymentPostprocessing = 0;
			shellPath = /bin/sh;
			shellScript = "\"${SRCROOT}/Pods/Target Support Files/Pods-TastyWatchlists/Pods-TastyWatchlists-resources.sh\"\n";
			showEnvVarsInLog = 0;
		};
		34069F4E19A321E6FBE89E1B /* [CP] Embed Pods Frameworks */ = {
			isa = PBXShellScriptBuildPhase;
			buildActionMask = 2147483647;
			files = (
			);
			inputPaths = (
			);
			name = "[CP] Embed Pods Frameworks";
			outputPaths = (
			);
			runOnlyForDeploymentPostprocessing = 0;
			shellPath = /bin/sh;
			shellScript = "\"${SRCROOT}/Pods/Target Support Files/Pods-TastyWatchlists/Pods-TastyWatchlists-frameworks.sh\"\n";
			showEnvVarsInLog = 0;
		};
		9425B90211E8B7E412B2F42D /* [CP] Check Pods Manifest.lock */ = {
			isa = PBXShellScriptBuildPhase;
			buildActionMask = 2147483647;
			files = (
			);
			inputPaths = (
			);
			name = "[CP] Check Pods Manifest.lock";
			outputPaths = (
			);
			runOnlyForDeploymentPostprocessing = 0;
			shellPath = /bin/sh;
			shellScript = "diff \"${PODS_ROOT}/../Podfile.lock\" \"${PODS_ROOT}/Manifest.lock\" > /dev/null\nif [ $? != 0 ] ; then\n    # print error to STDERR\n    echo \"error: The sandbox is not in sync with the Podfile.lock. Run 'pod install' or update your CocoaPods installation.\" >&2\n    exit 1\nfi\n";
			showEnvVarsInLog = 0;
		};
/* End PBXShellScriptBuildPhase section */

/* Begin PBXSourcesBuildPhase section */
		961D79C31F1D6C9B00F5846A /* Sources */ = {
			isa = PBXSourcesBuildPhase;
			buildActionMask = 2147483647;
			files = (
				961D7C2D1F211E8400F5846A /* LoginViewController.swift in Sources */,
				961D7C321F212F0900F5846A /* Constants.swift in Sources */,
				961D7C0B1F1EB29300F5846A /* User.swift in Sources */,
				961D79E01F1D6DA300F5846A /* NetworkManager.swift in Sources */,
				961D7C2F1F212B8300F5846A /* FacebookLoginManager.swift in Sources */,
				961D79CD1F1D6C9B00F5846A /* ViewController.swift in Sources */,
				961D7C0D1F1EB29900F5846A /* Watchlist.swift in Sources */,
				961D7C341F212F5200F5846A /* LaunchViewController.swift in Sources */,
				961D7C111F1EFE0000F5846A /* WatchlistManager.swift in Sources */,
				961D7C361F213BA100F5846A /* WatchlistsViewController.swift in Sources */,
				961D79CB1F1D6C9B00F5846A /* AppDelegate.swift in Sources */,
				961D7C131F1FD9BC00F5846A /* UserManager.swift in Sources */,
				961D7C0F1F1EB2A300F5846A /* Symbol.swift in Sources */,
			);
			runOnlyForDeploymentPostprocessing = 0;
		};
/* End PBXSourcesBuildPhase section */

/* Begin PBXVariantGroup section */
		961D79CE1F1D6C9B00F5846A /* Main.storyboard */ = {
			isa = PBXVariantGroup;
			children = (
				961D79CF1F1D6C9B00F5846A /* Base */,
			);
			name = Main.storyboard;
			sourceTree = "<group>";
		};
		961D79D31F1D6C9B00F5846A /* LaunchScreen.storyboard */ = {
			isa = PBXVariantGroup;
			children = (
				961D79D41F1D6C9B00F5846A /* Base */,
			);
			name = LaunchScreen.storyboard;
			sourceTree = "<group>";
		};
/* End PBXVariantGroup section */

/* Begin XCBuildConfiguration section */
		961D79D71F1D6C9B00F5846A /* Debug */ = {
			isa = XCBuildConfiguration;
			buildSettings = {
				ALWAYS_SEARCH_USER_PATHS = NO;
				CLANG_ANALYZER_NONNULL = YES;
				CLANG_ANALYZER_NUMBER_OBJECT_CONVERSION = YES_AGGRESSIVE;
				CLANG_CXX_LANGUAGE_STANDARD = "gnu++0x";
				CLANG_CXX_LIBRARY = "libc++";
				CLANG_ENABLE_MODULES = YES;
				CLANG_ENABLE_OBJC_ARC = YES;
				CLANG_WARN_BOOL_CONVERSION = YES;
				CLANG_WARN_CONSTANT_CONVERSION = YES;
				CLANG_WARN_DIRECT_OBJC_ISA_USAGE = YES_ERROR;
				CLANG_WARN_DOCUMENTATION_COMMENTS = YES;
				CLANG_WARN_EMPTY_BODY = YES;
				CLANG_WARN_ENUM_CONVERSION = YES;
				CLANG_WARN_INFINITE_RECURSION = YES;
				CLANG_WARN_INT_CONVERSION = YES;
				CLANG_WARN_OBJC_ROOT_CLASS = YES_ERROR;
				CLANG_WARN_SUSPICIOUS_MOVE = YES;
				CLANG_WARN_UNREACHABLE_CODE = YES;
				CLANG_WARN__DUPLICATE_METHOD_MATCH = YES;
				"CODE_SIGN_IDENTITY[sdk=iphoneos*]" = "iPhone Developer";
				COPY_PHASE_STRIP = NO;
				DEBUG_INFORMATION_FORMAT = dwarf;
				ENABLE_STRICT_OBJC_MSGSEND = YES;
				ENABLE_TESTABILITY = YES;
				GCC_C_LANGUAGE_STANDARD = gnu99;
				GCC_DYNAMIC_NO_PIC = NO;
				GCC_NO_COMMON_BLOCKS = YES;
				GCC_OPTIMIZATION_LEVEL = 0;
				GCC_PREPROCESSOR_DEFINITIONS = (
					"DEBUG=1",
					"$(inherited)",
				);
				GCC_WARN_64_TO_32_BIT_CONVERSION = YES;
				GCC_WARN_ABOUT_RETURN_TYPE = YES_ERROR;
				GCC_WARN_UNDECLARED_SELECTOR = YES;
				GCC_WARN_UNINITIALIZED_AUTOS = YES_AGGRESSIVE;
				GCC_WARN_UNUSED_FUNCTION = YES;
				GCC_WARN_UNUSED_VARIABLE = YES;
				IPHONEOS_DEPLOYMENT_TARGET = 10.3;
				MTL_ENABLE_DEBUG_INFO = YES;
				ONLY_ACTIVE_ARCH = YES;
				SDKROOT = iphoneos;
				SWIFT_ACTIVE_COMPILATION_CONDITIONS = DEBUG;
				SWIFT_OPTIMIZATION_LEVEL = "-Onone";
				TARGETED_DEVICE_FAMILY = "1,2";
			};
			name = Debug;
		};
		961D79D81F1D6C9B00F5846A /* Release */ = {
			isa = XCBuildConfiguration;
			buildSettings = {
				ALWAYS_SEARCH_USER_PATHS = NO;
				CLANG_ANALYZER_NONNULL = YES;
				CLANG_ANALYZER_NUMBER_OBJECT_CONVERSION = YES_AGGRESSIVE;
				CLANG_CXX_LANGUAGE_STANDARD = "gnu++0x";
				CLANG_CXX_LIBRARY = "libc++";
				CLANG_ENABLE_MODULES = YES;
				CLANG_ENABLE_OBJC_ARC = YES;
				CLANG_WARN_BOOL_CONVERSION = YES;
				CLANG_WARN_CONSTANT_CONVERSION = YES;
				CLANG_WARN_DIRECT_OBJC_ISA_USAGE = YES_ERROR;
				CLANG_WARN_DOCUMENTATION_COMMENTS = YES;
				CLANG_WARN_EMPTY_BODY = YES;
				CLANG_WARN_ENUM_CONVERSION = YES;
				CLANG_WARN_INFINITE_RECURSION = YES;
				CLANG_WARN_INT_CONVERSION = YES;
				CLANG_WARN_OBJC_ROOT_CLASS = YES_ERROR;
				CLANG_WARN_SUSPICIOUS_MOVE = YES;
				CLANG_WARN_UNREACHABLE_CODE = YES;
				CLANG_WARN__DUPLICATE_METHOD_MATCH = YES;
				"CODE_SIGN_IDENTITY[sdk=iphoneos*]" = "iPhone Developer";
				COPY_PHASE_STRIP = NO;
				DEBUG_INFORMATION_FORMAT = "dwarf-with-dsym";
				ENABLE_NS_ASSERTIONS = NO;
				ENABLE_STRICT_OBJC_MSGSEND = YES;
				GCC_C_LANGUAGE_STANDARD = gnu99;
				GCC_NO_COMMON_BLOCKS = YES;
				GCC_WARN_64_TO_32_BIT_CONVERSION = YES;
				GCC_WARN_ABOUT_RETURN_TYPE = YES_ERROR;
				GCC_WARN_UNDECLARED_SELECTOR = YES;
				GCC_WARN_UNINITIALIZED_AUTOS = YES_AGGRESSIVE;
				GCC_WARN_UNUSED_FUNCTION = YES;
				GCC_WARN_UNUSED_VARIABLE = YES;
				IPHONEOS_DEPLOYMENT_TARGET = 10.3;
				MTL_ENABLE_DEBUG_INFO = NO;
				SDKROOT = iphoneos;
				SWIFT_OPTIMIZATION_LEVEL = "-Owholemodule";
				TARGETED_DEVICE_FAMILY = "1,2";
				VALIDATE_PRODUCT = YES;
			};
			name = Release;
		};
		961D79DA1F1D6C9B00F5846A /* Debug */ = {
			isa = XCBuildConfiguration;
			baseConfigurationReference = 07E4CE0AA413D67B14B78E21 /* Pods-TastyWatchlists.debug.xcconfig */;
			buildSettings = {
				ASSETCATALOG_COMPILER_APPICON_NAME = AppIcon;
				INFOPLIST_FILE = TastyWatchlists/Info.plist;
				LD_RUNPATH_SEARCH_PATHS = "$(inherited) @executable_path/Frameworks";
				PRODUCT_BUNDLE_IDENTIFIER = JD.TastyWatchlists;
				PRODUCT_NAME = "$(TARGET_NAME)";
				SWIFT_VERSION = 3.0;
			};
			name = Debug;
		};
		961D79DB1F1D6C9B00F5846A /* Release */ = {
			isa = XCBuildConfiguration;
			baseConfigurationReference = 1655D184BB56FE8086CDB797 /* Pods-TastyWatchlists.release.xcconfig */;
			buildSettings = {
				ASSETCATALOG_COMPILER_APPICON_NAME = AppIcon;
				INFOPLIST_FILE = TastyWatchlists/Info.plist;
				LD_RUNPATH_SEARCH_PATHS = "$(inherited) @executable_path/Frameworks";
				PRODUCT_BUNDLE_IDENTIFIER = JD.TastyWatchlists;
				PRODUCT_NAME = "$(TARGET_NAME)";
				SWIFT_VERSION = 3.0;
			};
			name = Release;
		};
/* End XCBuildConfiguration section */

/* Begin XCConfigurationList section */
		961D79C21F1D6C9B00F5846A /* Build configuration list for PBXProject "TastyWatchlists" */ = {
			isa = XCConfigurationList;
			buildConfigurations = (
				961D79D71F1D6C9B00F5846A /* Debug */,
				961D79D81F1D6C9B00F5846A /* Release */,
			);
			defaultConfigurationIsVisible = 0;
			defaultConfigurationName = Release;
		};
		961D79D91F1D6C9B00F5846A /* Build configuration list for PBXNativeTarget "TastyWatchlists" */ = {
			isa = XCConfigurationList;
			buildConfigurations = (
				961D79DA1F1D6C9B00F5846A /* Debug */,
				961D79DB1F1D6C9B00F5846A /* Release */,
			);
			defaultConfigurationIsVisible = 0;
			defaultConfigurationName = Release;
		};
/* End XCConfigurationList section */
	};
	rootObject = 961D79BF1F1D6C9B00F5846A /* Project object */;
}
